
Microsoft Visual Studio Solution File, Format Version 12.00
# Visual Studio Version 17
VisualStudioVersion = 17.11.35303.130
MinimumVisualStudioVersion = 10.0.40219.1
Project("{FAE04EC0-301F-11D3-BF4B-00C04F79EFBC}") = "Vendor.DocReader", "Vendor.DocReader\Vendor.DocReader.csproj", "{1684043A-C66C-4D66-8D61-E4A7E22E86A5}"
EndProject
Global
	GlobalSection(SolutionConfigurationPlatforms) = preSolution
		Debug|Any CPU = Debug|Any CPU
		Release|Any CPU = Release|Any CPU
	EndGlobalSection
	GlobalSection(ProjectConfigurationPlatforms) = postSolution
		{1684043A-C66C-4D66-8D61-E4A7E22E86A5}.Debug|Any CPU.ActiveCfg = Debug|Any CPU
		{1684043A-C66C-4D66-8D61-E4A7E22E86A5}.Debug|Any CPU.Build.0 = Debug|Any CPU
		{1684043A-C66C-4D66-8D61-E4A7E22E86A5}.Release|Any CPU.ActiveCfg = Release|Any CPU
		{1684043A-C66C-4D66-8D61-E4A7E22E86A5}.Release|Any CPU.Build.0 = Release|Any CPU
	EndGlobalSection
	GlobalSection(SolutionProperties) = preSolution
		HideSolutionNode = FALSE
	EndGlobalSection
	GlobalSection(ExtensibilityGlobals) = postSolution
		SolutionGuid = {D769FAF1-9CC2-4622-8A4C-F188FDC290D6}
	EndGlobalSection
EndGlobal
